
Microsoft Visual Studio Solution File, Format Version 12.00
Project("{FAE04EC0-301F-11D3-BF4B-00C04F79EFBC}") = "GameCharacter", "GameCharacter\GameCharacter.csproj", "{CD463F65-B790-4200-91CB-42D38E6388F8}"
EndProject
Global
	GlobalSection(SolutionConfigurationPlatforms) = preSolution
		Debug|Any CPU = Debug|Any CPU
		Release|Any CPU = Release|Any CPU
	EndGlobalSection
	GlobalSection(ProjectConfigurationPlatforms) = postSolution
		{CD463F65-B790-4200-91CB-42D38E6388F8}.Debug|Any CPU.ActiveCfg = Debug|Any CPU
		{CD463F65-B790-4200-91CB-42D38E6388F8}.Debug|Any CPU.Build.0 = Debug|Any CPU
		{CD463F65-B790-4200-91CB-42D38E6388F8}.Release|Any CPU.ActiveCfg = Release|Any CPU
		{CD463F65-B790-4200-91CB-42D38E6388F8}.Release|Any CPU.Build.0 = Release|Any CPU
	EndGlobalSection
EndGlobal
